
Microsoft Visual Studio Solution File, Format Version 12.00
# Visual Studio 15
VisualStudioVersion = 15.0.27004.2002
MinimumVisualStudioVersion = 10.0.40219.1
Project("{FAE04EC0-301F-11D3-BF4B-00C04F79EFBC}") = "MovingCars", "MovingCars\MovingCars.csproj", "{49D41F5A-C9D3-449F-A25D-5FCB3612E0A9}"
EndProject
Project("{FAE04EC0-301F-11D3-BF4B-00C04F79EFBC}") = "MovingCars.Tests", "MovingCars.Tests\MovingCars.Tests.csproj", "{1CFC2684-C91B-4A05-9E93-2808C49AF8F6}"
EndProject
Global
	GlobalSection(SolutionConfigurationPlatforms) = preSolution
		Debug|Any CPU = Debug|Any CPU
		Release|Any CPU = Release|Any CPU
	EndGlobalSection
	GlobalSection(ProjectConfigurationPlatforms) = postSolution
		{49D41F5A-C9D3-449F-A25D-5FCB3612E0A9}.Debug|Any CPU.ActiveCfg = Debug|Any CPU
		{49D41F5A-C9D3-449F-A25D-5FCB3612E0A9}.Debug|Any CPU.Build.0 = Debug|Any CPU
		{49D41F5A-C9D3-449F-A25D-5FCB3612E0A9}.Release|Any CPU.ActiveCfg = Release|Any CPU
		{49D41F5A-C9D3-449F-A25D-5FCB3612E0A9}.Release|Any CPU.Build.0 = Release|Any CPU
		{1CFC2684-C91B-4A05-9E93-2808C49AF8F6}.Debug|Any CPU.ActiveCfg = Debug|Any CPU
		{1CFC2684-C91B-4A05-9E93-2808C49AF8F6}.Debug|Any CPU.Build.0 = Debug|Any CPU
		{1CFC2684-C91B-4A05-9E93-2808C49AF8F6}.Release|Any CPU.ActiveCfg = Release|Any CPU
		{1CFC2684-C91B-4A05-9E93-2808C49AF8F6}.Release|Any CPU.Build.0 = Release|Any CPU
	EndGlobalSection
	GlobalSection(SolutionProperties) = preSolution
		HideSolutionNode = FALSE
	EndGlobalSection
	GlobalSection(ExtensibilityGlobals) = postSolution
		SolutionGuid = {119119B1-E3FE-45B5-BD5D-3765C34A5829}
	EndGlobalSection
EndGlobal
